
Microsoft Visual Studio Solution File, Format Version 12.00
# Visual Studio Version 16
VisualStudioVersion = 16.0.34114.132
MinimumVisualStudioVersion = 10.0.40219.1
Project("{8BC9CEB8-8B4A-11D0-8D11-00A0C91BC942}") = "AoC4", "AoC4\AoC4.vcxproj", "{304D76F8-C23B-4584-A4B0-DED6D26861E9}"
EndProject
Global
	GlobalSection(SolutionConfigurationPlatforms) = preSolution
		Debug|x64 = Debug|x64
		Debug|x86 = Debug|x86
		Release|x64 = Release|x64
		Release|x86 = Release|x86
	EndGlobalSection
	GlobalSection(ProjectConfigurationPlatforms) = postSolution
		{304D76F8-C23B-4584-A4B0-DED6D26861E9}.Debug|x64.ActiveCfg = Debug|x64
		{304D76F8-C23B-4584-A4B0-DED6D26861E9}.Debug|x64.Build.0 = Debug|x64
		{304D76F8-C23B-4584-A4B0-DED6D26861E9}.Debug|x86.ActiveCfg = Debug|Win32
		{304D76F8-C23B-4584-A4B0-DED6D26861E9}.Debug|x86.Build.0 = Debug|Win32
		{304D76F8-C23B-4584-A4B0-DED6D26861E9}.Release|x64.ActiveCfg = Release|x64
		{304D76F8-C23B-4584-A4B0-DED6D26861E9}.Release|x64.Build.0 = Release|x64
		{304D76F8-C23B-4584-A4B0-DED6D26861E9}.Release|x86.ActiveCfg = Release|Win32
		{304D76F8-C23B-4584-A4B0-DED6D26861E9}.Release|x86.Build.0 = Release|Win32
	EndGlobalSection
	GlobalSection(SolutionProperties) = preSolution
		HideSolutionNode = FALSE
	EndGlobalSection
	GlobalSection(ExtensibilityGlobals) = postSolution
		SolutionGuid = {B1C7357C-49DD-4773-8BCB-ED507B09A319}
	EndGlobalSection
EndGlobal
